
Microsoft Visual Studio Solution File, Format Version 12.00
# Visual Studio Version 16
VisualStudioVersion = 16.0.29215.179
MinimumVisualStudioVersion = 10.0.40219.1
Project("{FAE04EC0-301F-11D3-BF4B-00C04F79EFBC}") = "EjercicioTroya", "EjercicioTroya\EjercicioTroya.csproj", "{0A3DD411-AAFF-46D3-BFE7-1BC1E32A82D2}"
EndProject
Project("{FAE04EC0-301F-11D3-BF4B-00C04F79EFBC}") = "Ejercicio1", "Ejercicio1\Ejercicio1.csproj", "{D3FE7FB7-134C-4795-A32F-986B44A6338C}"
EndProject
Global
	GlobalSection(SolutionConfigurationPlatforms) = preSolution
		Debug|Any CPU = Debug|Any CPU
		Release|Any CPU = Release|Any CPU
	EndGlobalSection
	GlobalSection(ProjectConfigurationPlatforms) = postSolution
		{0A3DD411-AAFF-46D3-BFE7-1BC1E32A82D2}.Debug|Any CPU.ActiveCfg = Debug|Any CPU
		{0A3DD411-AAFF-46D3-BFE7-1BC1E32A82D2}.Debug|Any CPU.Build.0 = Debug|Any CPU
		{0A3DD411-AAFF-46D3-BFE7-1BC1E32A82D2}.Release|Any CPU.ActiveCfg = Release|Any CPU
		{0A3DD411-AAFF-46D3-BFE7-1BC1E32A82D2}.Release|Any CPU.Build.0 = Release|Any CPU
		{D3FE7FB7-134C-4795-A32F-986B44A6338C}.Debug|Any CPU.ActiveCfg = Debug|Any CPU
		{D3FE7FB7-134C-4795-A32F-986B44A6338C}.Debug|Any CPU.Build.0 = Debug|Any CPU
		{D3FE7FB7-134C-4795-A32F-986B44A6338C}.Release|Any CPU.ActiveCfg = Release|Any CPU
		{D3FE7FB7-134C-4795-A32F-986B44A6338C}.Release|Any CPU.Build.0 = Release|Any CPU
	EndGlobalSection
	GlobalSection(SolutionProperties) = preSolution
		HideSolutionNode = FALSE
	EndGlobalSection
	GlobalSection(ExtensibilityGlobals) = postSolution
		SolutionGuid = {F7AC7D8E-8769-4698-92C7-F1B740E14D90}
	EndGlobalSection
EndGlobal
